
Microsoft Visual Studio Solution File, Format Version 12.00
# Visual Studio Version 17
VisualStudioVersion = 17.14.36511.14
MinimumVisualStudioVersion = 10.0.40219.1
Project("{FAE04EC0-301F-11D3-BF4B-00C04F79EFBC}") = "GameCaro", "GameCaro\GameCaro.csproj", "{702982FC-66BE-4DD2-87A5-D3C56340D6CD}"
EndProject
Project("{FAE04EC0-301F-11D3-BF4B-00C04F79EFBC}") = "MayChu", "MayChu\MayChu.csproj", "{6454B878-3EAB-431E-8D92-1BA0F9C75695}"
EndProject
Global
	GlobalSection(SolutionConfigurationPlatforms) = preSolution
		Debug|Any CPU = Debug|Any CPU
		Release|Any CPU = Release|Any CPU
	EndGlobalSection
	GlobalSection(ProjectConfigurationPlatforms) = postSolution
		{702982FC-66BE-4DD2-87A5-D3C56340D6CD}.Debug|Any CPU.ActiveCfg = Debug|Any CPU
		{702982FC-66BE-4DD2-87A5-D3C56340D6CD}.Debug|Any CPU.Build.0 = Debug|Any CPU
		{702982FC-66BE-4DD2-87A5-D3C56340D6CD}.Release|Any CPU.ActiveCfg = Release|Any CPU
		{702982FC-66BE-4DD2-87A5-D3C56340D6CD}.Release|Any CPU.Build.0 = Release|Any CPU
		{6454B878-3EAB-431E-8D92-1BA0F9C75695}.Debug|Any CPU.ActiveCfg = Debug|Any CPU
		{6454B878-3EAB-431E-8D92-1BA0F9C75695}.Debug|Any CPU.Build.0 = Debug|Any CPU
		{6454B878-3EAB-431E-8D92-1BA0F9C75695}.Release|Any CPU.ActiveCfg = Release|Any CPU
		{6454B878-3EAB-431E-8D92-1BA0F9C75695}.Release|Any CPU.Build.0 = Release|Any CPU
	EndGlobalSection
	GlobalSection(SolutionProperties) = preSolution
		HideSolutionNode = FALSE
	EndGlobalSection
	GlobalSection(ExtensibilityGlobals) = postSolution
		SolutionGuid = {123A3BEE-E21E-4332-BC91-99F0F86930DF}
	EndGlobalSection
EndGlobal
